// !$*UTF8*$!
{
	archiveVersion = 1;
	classes = {
	};
	objectVersion = 55;
	objects = {

/* Begin PBXBuildFile section */
		D5CF9780275FC2B30075C6B3 /* Restart_App_0_2App.swift in Sources */ = {isa = PBXBuildFile; fileRef = D5CF977F275FC2B30075C6B3 /* Restart_App_0_2App.swift */; };
		D5CF9784275FC2B50075C6B3 /* Assets.xcassets in Resources */ = {isa = PBXBuildFile; fileRef = D5CF9783275FC2B50075C6B3 /* Assets.xcassets */; };
		D5CF9787275FC2B50075C6B3 /* Preview Assets.xcassets in Resources */ = {isa = PBXBuildFile; fileRef = D5CF9786275FC2B50075C6B3 /* Preview Assets.xcassets */; };
		D5CF978E275FC3910075C6B3 /* SwiftUI-App-Workbook-Restart.pdf in Resources */ = {isa = PBXBuildFile; fileRef = D5CF978D275FC3910075C6B3 /* SwiftUI-App-Workbook-Restart.pdf */; };
		D5CF9797275FC4390075C6B3 /* CircleGroupView.swift in Sources */ = {isa = PBXBuildFile; fileRef = D5CF9796275FC4390075C6B3 /* CircleGroupView.swift */; };
		D5CF979D275FC53E0075C6B3 /* HomeView.swift in Sources */ = {isa = PBXBuildFile; fileRef = D5CF979A275FC53E0075C6B3 /* HomeView.swift */; };
		D5CF979E275FC53E0075C6B3 /* OnboardingView.swift in Sources */ = {isa = PBXBuildFile; fileRef = D5CF979B275FC53E0075C6B3 /* OnboardingView.swift */; };
		D5CF97A12760D7D60075C6B3 /* AudioPlayer.swift in Sources */ = {isa = PBXBuildFile; fileRef = D5CF97A02760D7D60075C6B3 /* AudioPlayer.swift */; };
		D5CF97A52760FB640075C6B3 /* Simulator Screen Shot - iPhone 11 - 2021-12-08 at 14.34.44.png in Resources */ = {isa = PBXBuildFile; fileRef = D5CF97A32760FB640075C6B3 /* Simulator Screen Shot - iPhone 11 - 2021-12-08 at 14.34.44.png */; };
		D5CF97A62760FB640075C6B3 /* Simulator Screen Shot - iPhone 11 - 2021-12-08 at 14.35.28.png in Resources */ = {isa = PBXBuildFile; fileRef = D5CF97A42760FB640075C6B3 /* Simulator Screen Shot - iPhone 11 - 2021-12-08 at 14.35.28.png */; };
		D5CF97D227612B650075C6B3 /* ContentView.swift in Sources */ = {isa = PBXBuildFile; fileRef = D5CF97D127612B650075C6B3 /* ContentView.swift */; };
		D5CF97D627612E320075C6B3 /* success.m4a in Resources */ = {isa = PBXBuildFile; fileRef = D5CF97D427612E320075C6B3 /* success.m4a */; };
		D5CF97D727612E320075C6B3 /* chimeup.mp3 in Resources */ = {isa = PBXBuildFile; fileRef = D5CF97D527612E320075C6B3 /* chimeup.mp3 */; };
/* End PBXBuildFile section */

/* Begin PBXFileReference section */
		D5CF977C275FC2B30075C6B3 /* Restart-App.0.2.app */ = {isa = PBXFileReference; explicitFileType = wrapper.application; includeInIndex = 0; path = "Restart-App.0.2.app"; sourceTree = BUILT_PRODUCTS_DIR; };
		D5CF977F275FC2B30075C6B3 /* Restart_App_0_2App.swift */ = {isa = PBXFileReference; lastKnownFileType = sourcecode.swift; path = Restart_App_0_2App.swift; sourceTree = "<group>"; };
		D5CF9783275FC2B50075C6B3 /* Assets.xcassets */ = {isa = PBXFileReference; lastKnownFileType = folder.assetcatalog; path = Assets.xcassets; sourceTree = "<group>"; };
		D5CF9786275FC2B50075C6B3 /* Preview Assets.xcassets */ = {isa = PBXFileReference; lastKnownFileType = folder.assetcatalog; path = "Preview Assets.xcassets"; sourceTree = "<group>"; };
		D5CF978D275FC3910075C6B3 /* SwiftUI-App-Workbook-Restart.pdf */ = {isa = PBXFileReference; lastKnownFileType = image.pdf; path = "SwiftUI-App-Workbook-Restart.pdf"; sourceTree = "<group>"; };
		D5CF9796275FC4390075C6B3 /* CircleGroupView.swift */ = {isa = PBXFileReference; lastKnownFileType = sourcecode.swift; path = CircleGroupView.swift; sourceTree = "<group>"; };
		D5CF979A275FC53E0075C6B3 /* HomeView.swift */ = {isa = PBXFileReference; fileEncoding = 4; lastKnownFileType = sourcecode.swift; path = HomeView.swift; sourceTree = "<group>"; };
		D5CF979B275FC53E0075C6B3 /* OnboardingView.swift */ = {isa = PBXFileReference; fileEncoding = 4; lastKnownFileType = sourcecode.swift; path = OnboardingView.swift; sourceTree = "<group>"; };
		D5CF97A02760D7D60075C6B3 /* AudioPlayer.swift */ = {isa = PBXFileReference; lastKnownFileType = sourcecode.swift; path = AudioPlayer.swift; sourceTree = "<group>"; };
		D5CF97A32760FB640075C6B3 /* Simulator Screen Shot - iPhone 11 - 2021-12-08 at 14.34.44.png */ = {isa = PBXFileReference; lastKnownFileType = image.png; path = "Simulator Screen Shot - iPhone 11 - 2021-12-08 at 14.34.44.png"; sourceTree = "<group>"; };
		D5CF97A42760FB640075C6B3 /* Simulator Screen Shot - iPhone 11 - 2021-12-08 at 14.35.28.png */ = {isa = PBXFileReference; lastKnownFileType = image.png; path = "Simulator Screen Shot - iPhone 11 - 2021-12-08 at 14.35.28.png"; sourceTree = "<group>"; };
		D5CF97D127612B650075C6B3 /* ContentView.swift */ = {isa = PBXFileReference; lastKnownFileType = sourcecode.swift; path = ContentView.swift; sourceTree = "<group>"; };
		D5CF97D427612E320075C6B3 /* success.m4a */ = {isa = PBXFileReference; lastKnownFileType = file; path = success.m4a; sourceTree = "<group>"; };
		D5CF97D527612E320075C6B3 /* chimeup.mp3 */ = {isa = PBXFileReference; lastKnownFileType = audio.mp3; path = chimeup.mp3; sourceTree = "<group>"; };
/* End PBXFileReference section */

/* Begin PBXFrameworksBuildPhase section */
		D5CF9779275FC2B30075C6B3 /* Frameworks */ = {
			isa = PBXFrameworksBuildPhase;
			buildActionMask = 2147483647;
			files = (
			);
			runOnlyForDeploymentPostprocessing = 0;
		};
/* End PBXFrameworksBuildPhase section */

/* Begin PBXGroup section */
		D5CF9773275FC2B30075C6B3 = {
			isa = PBXGroup;
			children = (
				D5CF97D327612E190075C6B3 /* Sounds */,
				D5CF97A22760FB0C0075C6B3 /* Final product photos */,
				D5CF979F2760D7B70075C6B3 /* Utilities */,
				D5CF9795275FC4080075C6B3 /* View */,
				D5CF978D275FC3910075C6B3 /* SwiftUI-App-Workbook-Restart.pdf */,
				D5CF977E275FC2B30075C6B3 /* Restart-App.0.2 */,
				D5CF977D275FC2B30075C6B3 /* Products */,
			);
			sourceTree = "<group>";
		};
		D5CF977D275FC2B30075C6B3 /* Products */ = {
			isa = PBXGroup;
			children = (
				D5CF977C275FC2B30075C6B3 /* Restart-App.0.2.app */,
			);
			name = Products;
			sourceTree = "<group>";
		};
		D5CF977E275FC2B30075C6B3 /* Restart-App.0.2 */ = {
			isa = PBXGroup;
			children = (
				D5CF977F275FC2B30075C6B3 /* Restart_App_0_2App.swift */,
				D5CF9798275FC4E70075C6B3 /* Screens */,
				D5CF9783275FC2B50075C6B3 /* Assets.xcassets */,
				D5CF9785275FC2B50075C6B3 /* Preview Content */,
			);
			path = "Restart-App.0.2";
			sourceTree = "<group>";
		};
		D5CF9785275FC2B50075C6B3 /* Preview Content */ = {
			isa = PBXGroup;
			children = (
				D5CF9786275FC2B50075C6B3 /* Preview Assets.xcassets */,
			);
			path = "Preview Content";
			sourceTree = "<group>";
		};
		D5CF9795275FC4080075C6B3 /* View */ = {
			isa = PBXGroup;
			children = (
				D5CF9796275FC4390075C6B3 /* CircleGroupView.swift */,
			);
			path = View;
			sourceTree = "<group>";
		};
		D5CF9798275FC4E70075C6B3 /* Screens */ = {
			isa = PBXGroup;
			children = (
				D5CF979A275FC53E0075C6B3 /* HomeView.swift */,
				D5CF979B275FC53E0075C6B3 /* OnboardingView.swift */,
				D5CF97D127612B650075C6B3 /* ContentView.swift */,
			);
			path = Screens;
			sourceTree = "<group>";
		};
		D5CF979F2760D7B70075C6B3 /* Utilities */ = {
			isa = PBXGroup;
			children = (
				D5CF97A02760D7D60075C6B3 /* AudioPlayer.swift */,
			);
			path = Utilities;
			sourceTree = "<group>";
		};
		D5CF97A22760FB0C0075C6B3 /* Final product photos */ = {
			isa = PBXGroup;
			children = (
				D5CF97A32760FB640075C6B3 /* Simulator Screen Shot - iPhone 11 - 2021-12-08 at 14.34.44.png */,
				D5CF97A42760FB640075C6B3 /* Simulator Screen Shot - iPhone 11 - 2021-12-08 at 14.35.28.png */,
			);
			path = "Final product photos";
			sourceTree = "<group>";
		};
		D5CF97D327612E190075C6B3 /* Sounds */ = {
			isa = PBXGroup;
			children = (
				D5CF97D527612E320075C6B3 /* chimeup.mp3 */,
				D5CF97D427612E320075C6B3 /* success.m4a */,
			);
			path = Sounds;
			sourceTree = "<group>";
		};
/* End PBXGroup section */

/* Begin PBXNativeTarget section */
		D5CF977B275FC2B30075C6B3 /* Restart-App.0.2 */ = {
			isa = PBXNativeTarget;
			buildConfigurationList = D5CF978A275FC2B50075C6B3 /* Build configuration list for PBXNativeTarget "Restart-App.0.2" */;
			buildPhases = (
				D5CF9778275FC2B30075C6B3 /* Sources */,
				D5CF9779275FC2B30075C6B3 /* Frameworks */,
				D5CF977A275FC2B30075C6B3 /* Resources */,
			);
			buildRules = (
			);
			dependencies = (
			);
			name = "Restart-App.0.2";
			productName = "Restart-App.0.2";
			productReference = D5CF977C275FC2B30075C6B3 /* Restart-App.0.2.app */;
			productType = "com.apple.product-type.application";
		};
/* End PBXNativeTarget section */

/* Begin PBXProject section */
		D5CF9774275FC2B30075C6B3 /* Project object */ = {
			isa = PBXProject;
			attributes = {
				BuildIndependentTargetsInParallel = 1;
				LastSwiftUpdateCheck = 1310;
				LastUpgradeCheck = 1310;
				TargetAttributes = {
					D5CF977B275FC2B30075C6B3 = {
						CreatedOnToolsVersion = 13.1;
					};
				};
			};
			buildConfigurationList = D5CF9777275FC2B30075C6B3 /* Build configuration list for PBXProject "Restart-App.0.2" */;
			compatibilityVersion = "Xcode 13.0";
			developmentRegion = en;
			hasScannedForEncodings = 0;
			knownRegions = (
				en,
				Base,
			);
			mainGroup = D5CF9773275FC2B30075C6B3;
			productRefGroup = D5CF977D275FC2B30075C6B3 /* Products */;
			projectDirPath = "";
			projectRoot = "";
			targets = (
				D5CF977B275FC2B30075C6B3 /* Restart-App.0.2 */,
			);
		};
/* End PBXProject section */

/* Begin PBXResourcesBuildPhase section */
		D5CF977A275FC2B30075C6B3 /* Resources */ = {
			isa = PBXResourcesBuildPhase;
			buildActionMask = 2147483647;
			files = (
				D5CF97A52760FB640075C6B3 /* Simulator Screen Shot - iPhone 11 - 2021-12-08 at 14.34.44.png in Resources */,
				D5CF97A62760FB640075C6B3 /* Simulator Screen Shot - iPhone 11 - 2021-12-08 at 14.35.28.png in Resources */,
				D5CF97D727612E320075C6B3 /* chimeup.mp3 in Resources */,
				D5CF978E275FC3910075C6B3 /* SwiftUI-App-Workbook-Restart.pdf in Resources */,
				D5CF9787275FC2B50075C6B3 /* Preview Assets.xcassets in Resources */,
				D5CF97D627612E320075C6B3 /* success.m4a in Resources */,
				D5CF9784275FC2B50075C6B3 /* Assets.xcassets in Resources */,
			);
			runOnlyForDeploymentPostprocessing = 0;
		};
/* End PBXResourcesBuildPhase section */

/* Begin PBXSourcesBuildPhase section */
		D5CF9778275FC2B30075C6B3 /* Sources */ = {
			isa = PBXSourcesBuildPhase;
			buildActionMask = 2147483647;
			files = (
				D5CF9797275FC4390075C6B3 /* CircleGroupView.swift in Sources */,
				D5CF97D227612B650075C6B3 /* ContentView.swift in Sources */,
				D5CF979E275FC53E0075C6B3 /* OnboardingView.swift in Sources */,
				D5CF979D275FC53E0075C6B3 /* HomeView.swift in Sources */,
				D5CF9780275FC2B30075C6B3 /* Restart_App_0_2App.swift in Sources */,
				D5CF97A12760D7D60075C6B3 /* AudioPlayer.swift in Sources */,
			);
			runOnlyForDeploymentPostprocessing = 0;
		};
/* End PBXSourcesBuildPhase section */

/* Begin XCBuildConfiguration section */
		D5CF9788275FC2B50075C6B3 /* Debug */ = {
			isa = XCBuildConfiguration;
			buildSettings = {
				ALWAYS_SEARCH_USER_PATHS = NO;
				CLANG_ANALYZER_NONNULL = YES;
				CLANG_ANALYZER_NUMBER_OBJECT_CONVERSION = YES_AGGRESSIVE;
				CLANG_CXX_LANGUAGE_STANDARD = "gnu++17";
				CLANG_CXX_LIBRARY = "libc++";
				CLANG_ENABLE_MODULES = YES;
				CLANG_ENABLE_OBJC_ARC = YES;
				CLANG_ENABLE_OBJC_WEAK = YES;
				CLANG_WARN_BLOCK_CAPTURE_AUTORELEASING = YES;
				CLANG_WARN_BOOL_CONVERSION = YES;
				CLANG_WARN_COMMA = YES;
				CLANG_WARN_CONSTANT_CONVERSION = YES;
				CLANG_WARN_DEPRECATED_OBJC_IMPLEMENTATIONS = YES;
				CLANG_WARN_DIRECT_OBJC_ISA_USAGE = YES_ERROR;
				CLANG_WARN_DOCUMENTATION_COMMENTS = YES;
				CLANG_WARN_EMPTY_BODY = YES;
				CLANG_WARN_ENUM_CONVERSION = YES;
				CLANG_WARN_INFINITE_RECURSION = YES;
				CLANG_WARN_INT_CONVERSION = YES;
				CLANG_WARN_NON_LITERAL_NULL_CONVERSION = YES;
				CLANG_WARN_OBJC_IMPLICIT_RETAIN_SELF = YES;
				CLANG_WARN_OBJC_LITERAL_CONVERSION = YES;
				CLANG_WARN_OBJC_ROOT_CLASS = YES_ERROR;
				CLANG_WARN_QUOTED_INCLUDE_IN_FRAMEWORK_HEADER = YES;
				CLANG_WARN_RANGE_LOOP_ANALYSIS = YES;
				CLANG_WARN_STRICT_PROTOTYPES = YES;
				CLANG_WARN_SUSPICIOUS_MOVE = YES;
				CLANG_WARN_UNGUARDED_AVAILABILITY = YES_AGGRESSIVE;
				CLANG_WARN_UNREACHABLE_CODE = YES;
				CLANG_WARN__DUPLICATE_METHOD_MATCH = YES;
				COPY_PHASE_STRIP = NO;
				DEBUG_INFORMATION_FORMAT = dwarf;
				ENABLE_STRICT_OBJC_MSGSEND = YES;
				ENABLE_TESTABILITY = YES;
				GCC_C_LANGUAGE_STANDARD = gnu11;
				GCC_DYNAMIC_NO_PIC = NO;
				GCC_NO_COMMON_BLOCKS = YES;
				GCC_OPTIMIZATION_LEVEL = 0;
				GCC_PREPROCESSOR_DEFINITIONS = (
					"DEBUG=1",
					"$(inherited)",
				);
				GCC_WARN_64_TO_32_BIT_CONVERSION = YES;
				GCC_WARN_ABOUT_RETURN_TYPE = YES_ERROR;
				GCC_WARN_UNDECLARED_SELECTOR = YES;
				GCC_WARN_UNINITIALIZED_AUTOS = YES_AGGRESSIVE;
				GCC_WARN_UNUSED_FUNCTION = YES;
				GCC_WARN_UNUSED_VARIABLE = YES;
				IPHONEOS_DEPLOYMENT_TARGET = 15.0;
				MTL_ENABLE_DEBUG_INFO = INCLUDE_SOURCE;
				MTL_FAST_MATH = YES;
				ONLY_ACTIVE_ARCH = YES;
				SDKROOT = iphoneos;
				SWIFT_ACTIVE_COMPILATION_CONDITIONS = DEBUG;
				SWIFT_OPTIMIZATION_LEVEL = "-Onone";
			};
			name = Debug;
		};
		D5CF9789275FC2B50075C6B3 /* Release */ = {
			isa = XCBuildConfiguration;
			buildSettings = {
				ALWAYS_SEARCH_USER_PATHS = NO;
				CLANG_ANALYZER_NONNULL = YES;
				CLANG_ANALYZER_NUMBER_OBJECT_CONVERSION = YES_AGGRESSIVE;
				CLANG_CXX_LANGUAGE_STANDARD = "gnu++17";
				CLANG_CXX_LIBRARY = "libc++";
				CLANG_ENABLE_MODULES = YES;
				CLANG_ENABLE_OBJC_ARC = YES;
				CLANG_ENABLE_OBJC_WEAK = YES;
				CLANG_WARN_BLOCK_CAPTURE_AUTORELEASING = YES;
				CLANG_WARN_BOOL_CONVERSION = YES;
				CLANG_WARN_COMMA = YES;
				CLANG_WARN_CONSTANT_CONVERSION = YES;
				CLANG_WARN_DEPRECATED_OBJC_IMPLEMENTATIONS = YES;
				CLANG_WARN_DIRECT_OBJC_ISA_USAGE = YES_ERROR;
				CLANG_WARN_DOCUMENTATION_COMMENTS = YES;
				CLANG_WARN_EMPTY_BODY = YES;
				CLANG_WARN_ENUM_CONVERSION = YES;
				CLANG_WARN_INFINITE_RECURSION = YES;
				CLANG_WARN_INT_CONVERSION = YES;
				CLANG_WARN_NON_LITERAL_NULL_CONVERSION = YES;
				CLANG_WARN_OBJC_IMPLICIT_RETAIN_SELF = YES;
				CLANG_WARN_OBJC_LITERAL_CONVERSION = YES;
				CLANG_WARN_OBJC_ROOT_CLASS = YES_ERROR;
				CLANG_WARN_QUOTED_INCLUDE_IN_FRAMEWORK_HEADER = YES;
				CLANG_WARN_RANGE_LOOP_ANALYSIS = YES;
				CLANG_WARN_STRICT_PROTOTYPES = YES;
				CLANG_WARN_SUSPICIOUS_MOVE = YES;
				CLANG_WARN_UNGUARDED_AVAILABILITY = YES_AGGRESSIVE;
				CLANG_WARN_UNREACHABLE_CODE = YES;
				CLANG_WARN__DUPLICATE_METHOD_MATCH = YES;
				COPY_PHASE_STRIP = NO;
				DEBUG_INFORMATION_FORMAT = "dwarf-with-dsym";
				ENABLE_NS_ASSERTIONS = NO;
				ENABLE_STRICT_OBJC_MSGSEND = YES;
				GCC_C_LANGUAGE_STANDARD = gnu11;
				GCC_NO_COMMON_BLOCKS = YES;
				GCC_WARN_64_TO_32_BIT_CONVERSION = YES;
				GCC_WARN_ABOUT_RETURN_TYPE = YES_ERROR;
				GCC_WARN_UNDECLARED_SELECTOR = YES;
				GCC_WARN_UNINITIALIZED_AUTOS = YES_AGGRESSIVE;
				GCC_WARN_UNUSED_FUNCTION = YES;
				GCC_WARN_UNUSED_VARIABLE = YES;
				IPHONEOS_DEPLOYMENT_TARGET = 15.0;
				MTL_ENABLE_DEBUG_INFO = NO;
				MTL_FAST_MATH = YES;
				SDKROOT = iphoneos;
				SWIFT_COMPILATION_MODE = wholemodule;
				SWIFT_OPTIMIZATION_LEVEL = "-O";
				VALIDATE_PRODUCT = YES;
			};
			name = Release;
		};
		D5CF978B275FC2B50075C6B3 /* Debug */ = {
			isa = XCBuildConfiguration;
			buildSettings = {
				ASSETCATALOG_COMPILER_APPICON_NAME = AppIcon;
				ASSETCATALOG_COMPILER_GLOBAL_ACCENT_COLOR_NAME = AccentColor;
				CODE_SIGN_STYLE = Automatic;
				CURRENT_PROJECT_VERSION = 1;
				DEVELOPMENT_ASSET_PATHS = "\"Restart-App.0.2/Preview Content\"";
				DEVELOPMENT_TEAM = 2PK549RRNR;
				ENABLE_PREVIEWS = YES;
				GENERATE_INFOPLIST_FILE = YES;
				INFOPLIST_KEY_UIApplicationSceneManifest_Generation = YES;
				INFOPLIST_KEY_UIApplicationSupportsIndirectInputEvents = YES;
				INFOPLIST_KEY_UILaunchScreen_Generation = YES;
				INFOPLIST_KEY_UISupportedInterfaceOrientations_iPad = "UIInterfaceOrientationPortrait UIInterfaceOrientationPortraitUpsideDown UIInterfaceOrientationLandscapeLeft UIInterfaceOrientationLandscapeRight";
				INFOPLIST_KEY_UISupportedInterfaceOrientations_iPhone = "UIInterfaceOrientationPortrait UIInterfaceOrientationLandscapeLeft UIInterfaceOrientationLandscapeRight";
				LD_RUNPATH_SEARCH_PATHS = (
					"$(inherited)",
					"@executable_path/Frameworks",
				);
				MARKETING_VERSION = 1.0;
				PRODUCT_BUNDLE_IDENTIFIER = "amalitech.Restart-App-0-2";
				PRODUCT_NAME = "$(TARGET_NAME)";
				SWIFT_EMIT_LOC_STRINGS = YES;
				SWIFT_VERSION = 5.0;
				TARGETED_DEVICE_FAMILY = "1,2";
			};
			name = Debug;
		};
		D5CF978C275FC2B50075C6B3 /* Release */ = {
			isa = XCBuildConfiguration;
			buildSettings = {
				ASSETCATALOG_COMPILER_APPICON_NAME = AppIcon;
				ASSETCATALOG_COMPILER_GLOBAL_ACCENT_COLOR_NAME = AccentColor;
				CODE_SIGN_STYLE = Automatic;
				CURRENT_PROJECT_VERSION = 1;
				DEVELOPMENT_ASSET_PATHS = "\"Restart-App.0.2/Preview Content\"";
				DEVELOPMENT_TEAM = 2PK549RRNR;
				ENABLE_PREVIEWS = YES;
				GENERATE_INFOPLIST_FILE = YES;
				INFOPLIST_KEY_UIApplicationSceneManifest_Generation = YES;
				INFOPLIST_KEY_UIApplicationSupportsIndirectInputEvents = YES;
				INFOPLIST_KEY_UILaunchScreen_Generation = YES;
				INFOPLIST_KEY_UISupportedInterfaceOrientations_iPad = "UIInterfaceOrientationPortrait UIInterfaceOrientationPortraitUpsideDown UIInterfaceOrientationLandscapeLeft UIInterfaceOrientationLandscapeRight";
				INFOPLIST_KEY_UISupportedInterfaceOrientations_iPhone = "UIInterfaceOrientationPortrait UIInterfaceOrientationLandscapeLeft UIInterfaceOrientationLandscapeRight";
				LD_RUNPATH_SEARCH_PATHS = (
					"$(inherited)",
					"@executable_path/Frameworks",
				);
				MARKETING_VERSION = 1.0;
				PRODUCT_BUNDLE_IDENTIFIER = "amalitech.Restart-App-0-2";
				PRODUCT_NAME = "$(TARGET_NAME)";
				SWIFT_EMIT_LOC_STRINGS = YES;
				SWIFT_VERSION = 5.0;
				TARGETED_DEVICE_FAMILY = "1,2";
			};
			name = Release;
		};
/* End XCBuildConfiguration section */

/* Begin XCConfigurationList section */
		D5CF9777275FC2B30075C6B3 /* Build configuration list for PBXProject "Restart-App.0.2" */ = {
			isa = XCConfigurationList;
			buildConfigurations = (
				D5CF9788275FC2B50075C6B3 /* Debug */,
				D5CF9789275FC2B50075C6B3 /* Release */,
			);
			defaultConfigurationIsVisible = 0;
			defaultConfigurationName = Release;
		};
		D5CF978A275FC2B50075C6B3 /* Build configuration list for PBXNativeTarget "Restart-App.0.2" */ = {
			isa = XCConfigurationList;
			buildConfigurations = (
				D5CF978B275FC2B50075C6B3 /* Debug */,
				D5CF978C275FC2B50075C6B3 /* Release */,
			);
			defaultConfigurationIsVisible = 0;
			defaultConfigurationName = Release;
		};
/* End XCConfigurationList section */
	};
	rootObject = D5CF9774275FC2B30075C6B3 /* Project object */;
}
